$ANSIBLE_VAULT;1.2;AES256;keys
31616133656562326430393237303639366638646637646134396138653861653933663761323830
3433333465663862623666616564343764656363623438650a353035616430623862646161343636
37666331613137313966656631303361663261383237313630643738303733396564623136333037
3364623639346436350a316134333632643832393237363462346335316361623332633937636562
39343433313731623261653738393538633836643661393666656433653636373438306539323466
65313037303864663036366566366532633530656662323939356439356332343038326336313137
65316130343134356364336163303366346266643037613538366332646633356633383264656262
36646639396430343239316339646533653736303337393432303438363335346136383530353239
6432
